{
  "name": "ushell-common-components",
  "version": "1.0.0",
  "lockfileVersion": 1,
  "requires": true,
  "dependencies": {
    "@kornsw/entityschema": {
      "version": "1.1.0",
      "resolved": "https://registry.npmjs.org/@kornsw/entityschema/-/entityschema-1.1.0.tgz",
      "integrity": "sha512-QbORPlcAgcxlo1y9x3TLg6QXkDOh698OyaD7zS/xwd7CWrmea40CoTHiXzWEXJj7Ve5X4DMxujjpmH2c7ZkouQ=="
    },
    "ushell-modulebase": {
      "version": "1.0.0",
      "resolved": "https://registry.npmjs.org/ushell-modulebase/-/ushell-modulebase-1.0.0.tgz",
      "integrity": "sha512-11GzY0xQ5efPlWm71vBayEuvXMUhSijS8y2nK9RWdGG0KbnHGakNfZCsQTuF1YHqhlZz3rWJxE4/trns0gCYRQ==",
      "requires": {
        "@kornsw/entityschema": "^1.1.0"
      }
    }
  }
}
